{
  "name": "ngx-daily-gantt-chart",
  "version": "1.5.2",
  "lockfileVersion": 2,
  "requires": true,
  "packages": {
    "": {
      "version": "1.5.2",
      "license": "MIT",
      "dependencies": {
        "date-fns": "^2.15.0",
        "tslib": "^1.10.0"
      },
      "peerDependencies": {
        "@angular/cdk": "^10.1.1",
        "@angular/common": "^10.0.10",
        "@angular/core": "^10.0.10",
        "@angular/material": "^11.0.3"
      }
    },
    "node_modules/@angular/animations": {
      "version": "12.2.1",
      "resolved": "https://registry.npmjs.org/@angular/animations/-/animations-12.2.1.tgz",
      "integrity": "sha512-SDsBBQG2AifuVyo+LUiqFLqzQ8ourO60NhkYGugC934lRqox2ZXmAooDBGMh74K7yrzIxMpbrMbL+qGv4OGpjw==",
      "peer": true,
      "dependencies": {
        "tslib": "^2.2.0"
      },
      "engines": {
        "node": "^12.14.1 || >=14.0.0"
      },
      "peerDependencies": {
        "@angular/core": "12.2.1"
      }
    },
    "node_modules/@angular/animations/node_modules/tslib": {
      "version": "2.3.1",
      "resolved": "https://registry.npmjs.org/tslib/-/tslib-2.3.1.tgz",
      "integrity": "sha512-77EbyPPpMz+FRFRuAFlWMtmgUWGe9UOG2Z25NqCwiIjRhOf5iKGuzSe5P2w1laq+FkRy4p+PCuVkJSGkzTEKVw==",
      "peer": true
    },
    "node_modules/@angular/cdk": {
      "version": "10.1.1",
      "resolved": "https://registry.npmjs.org/@angular/cdk/-/cdk-10.1.1.tgz",
      "integrity": "sha512-Gt9TmqSVxPTmuNkApEuvva25U60WW152r9+vL7ViFgG+297RE7tzUU8ffBwMXZMdtXnrhLKqLv6ZaBhihMM2Kw==",
      "peer": true,
      "dependencies": {
        "tslib": "^2.0.0"
      },
      "optionalDependencies": {
        "parse5": "^5.0.0"
      },
      "peerDependencies": {
        "@angular/common": "^10.0.0 || ^11.0.0-0",
        "@angular/core": "^10.0.0 || ^11.0.0-0"
      }
    },
    "node_modules/@angular/cdk/node_modules/tslib": {
      "version": "2.3.1",
      "resolved": "https://registry.npmjs.org/tslib/-/tslib-2.3.1.tgz",
      "integrity": "sha512-77EbyPPpMz+FRFRuAFlWMtmgUWGe9UOG2Z25NqCwiIjRhOf5iKGuzSe5P2w1laq+FkRy4p+PCuVkJSGkzTEKVw==",
      "peer": true
    },
    "node_modules/@angular/common": {
      "version": "10.0.10",
      "resolved": "https://registry.npmjs.org/@angular/common/-/common-10.0.10.tgz",
      "integrity": "sha512-p6/pTk0s0Ai5uUkOHHFZwp+TjxRNPldPxTU2LVxg2xuBEQTO53BsfBKn3zi74epdb1kBC0Yjdj6yEL4dITBs7A==",
      "peer": true,
      "dependencies": {
        "tslib": "^2.0.0"
      },
      "peerDependencies": {
        "@angular/core": "10.0.10",
        "rxjs": "^6.5.3"
      }
    },
    "node_modules/@angular/common/node_modules/tslib": {
      "version": "2.3.1",
      "resolved": "https://registry.npmjs.org/tslib/-/tslib-2.3.1.tgz",
      "integrity": "sha512-77EbyPPpMz+FRFRuAFlWMtmgUWGe9UOG2Z25NqCwiIjRhOf5iKGuzSe5P2w1laq+FkRy4p+PCuVkJSGkzTEKVw==",
      "peer": true
    },
    "node_modules/@angular/core": {
      "version": "10.0.10",
      "resolved": "https://registry.npmjs.org/@angular/core/-/core-10.0.10.tgz",
      "integrity": "sha512-PIQhLqjZayVXJoXs4WQu7orkePqFiux19y7bgBrsSAithe+g9BkrSIdX7+tkkX0zggUWKywY92YuMZCJ/S+uiw==",
      "peer": true,
      "dependencies": {
        "tslib": "^2.0.0"
      },
      "peerDependencies": {
        "rxjs": "^6.5.3",
        "zone.js": "~0.10.3"
      }
    },
    "node_modules/@angular/core/node_modules/tslib": {
      "version": "2.3.1",
      "resolved": "https://registry.npmjs.org/tslib/-/tslib-2.3.1.tgz",
      "integrity": "sha512-77EbyPPpMz+FRFRuAFlWMtmgUWGe9UOG2Z25NqCwiIjRhOf5iKGuzSe5P2w1laq+FkRy4p+PCuVkJSGkzTEKVw==",
      "peer": true
    },
    "node_modules/@angular/forms": {
      "version": "12.2.1",
      "resolved": "https://registry.npmjs.org/@angular/forms/-/forms-12.2.1.tgz",
      "integrity": "sha512-frYYb/4KhGJkvQ27k0voRi3ZVPvY6NXBYidPmJf7WBnVY8jgHhfUcjc9wUNaS97TyXB3WG/eY/jLC38tO0atMA==",
      "peer": true,
      "dependencies": {
        "tslib": "^2.2.0"
      },
      "engines": {
        "node": "^12.14.1 || >=14.0.0"
      },
      "peerDependencies": {
        "@angular/common": "12.2.1",
        "@angular/core": "12.2.1",
        "@angular/platform-browser": "12.2.1",
        "rxjs": "^6.5.3 || ^7.0.0"
      }
    },
    "node_modules/@angular/forms/node_modules/tslib": {
      "version": "2.3.1",
      "resolved": "https://registry.npmjs.org/tslib/-/tslib-2.3.1.tgz",
      "integrity": "sha512-77EbyPPpMz+FRFRuAFlWMtmgUWGe9UOG2Z25NqCwiIjRhOf5iKGuzSe5P2w1laq+FkRy4p+PCuVkJSGkzTEKVw==",
      "peer": true
    },
    "node_modules/@angular/material": {
      "version": "11.0.3",
      "resolved": "https://registry.npmjs.org/@angular/material/-/material-11.0.3.tgz",
      "integrity": "sha512-YTHmtKGwjAEFAOOmuivcwnINMPHxvM7iZQpTgZqDKNiqiv53cwry2Ctb54suRNT+D794z59D0/r+YocGkzFv3w==",
      "peer": true,
      "dependencies": {
        "tslib": "^2.0.0"
      },
      "peerDependencies": {
        "@angular/animations": "^11.0.0 || ^12.0.0-0",
        "@angular/cdk": "11.0.3",
        "@angular/common": "^11.0.0 || ^12.0.0-0",
        "@angular/core": "^11.0.0 || ^12.0.0-0",
        "@angular/forms": "^11.0.0 || ^12.0.0-0"
      }
    },
    "node_modules/@angular/material/node_modules/tslib": {
      "version": "2.3.1",
      "resolved": "https://registry.npmjs.org/tslib/-/tslib-2.3.1.tgz",
      "integrity": "sha512-77EbyPPpMz+FRFRuAFlWMtmgUWGe9UOG2Z25NqCwiIjRhOf5iKGuzSe5P2w1laq+FkRy4p+PCuVkJSGkzTEKVw==",
      "peer": true
    },
    "node_modules/@angular/platform-browser": {
      "version": "12.2.1",
      "resolved": "https://registry.npmjs.org/@angular/platform-browser/-/platform-browser-12.2.1.tgz",
      "integrity": "sha512-14PSiuKrXe8KP0K5+WtpwdYALKRIFWp1KxIhmqrpjbW322W9d46dC7LAw8Wzof/aHmDJops63u6EDJG7UeiUOg==",
      "peer": true,
      "dependencies": {
        "tslib": "^2.2.0"
      },
      "engines": {
        "node": "^12.14.1 || >=14.0.0"
      },
      "peerDependencies": {
        "@angular/animations": "12.2.1",
        "@angular/common": "12.2.1",
        "@angular/core": "12.2.1"
      },
      "peerDependenciesMeta": {
        "@angular/animations": {
          "optional": true
        }
      }
    },
    "node_modules/@angular/platform-browser/node_modules/tslib": {
      "version": "2.3.1",
      "resolved": "https://registry.npmjs.org/tslib/-/tslib-2.3.1.tgz",
      "integrity": "sha512-77EbyPPpMz+FRFRuAFlWMtmgUWGe9UOG2Z25NqCwiIjRhOf5iKGuzSe5P2w1laq+FkRy4p+PCuVkJSGkzTEKVw==",
      "peer": true
    },
    "node_modules/date-fns": {
      "version": "2.15.0",
      "resolved": "https://registry.npmjs.org/date-fns/-/date-fns-2.15.0.tgz",
      "integrity": "sha512-ZCPzAMJZn3rNUvvQIMlXhDr4A+Ar07eLeGsGREoWU19a3Pqf5oYa+ccd+B3F6XVtQY6HANMFdOQ8A+ipFnvJdQ==",
      "engines": {
        "node": ">=0.11"
      }
    },
    "node_modules/parse5": {
      "version": "5.1.1",
      "resolved": "https://registry.npmjs.org/parse5/-/parse5-5.1.1.tgz",
      "integrity": "sha512-ugq4DFI0Ptb+WWjAdOK16+u/nHfiIrcE+sh8kZMaM0WllQKLI9rOUq6c2b7cwPkXdzfQESqvoqK6ug7U/Yyzug==",
      "optional": true,
      "peer": true
    },
    "node_modules/rxjs": {
      "version": "6.6.7",
      "resolved": "https://registry.npmjs.org/rxjs/-/rxjs-6.6.7.tgz",
      "integrity": "sha512-hTdwr+7yYNIT5n4AMYp85KA6yw2Va0FLa3Rguvbpa4W3I5xynaBZo41cM3XM+4Q6fRMj3sBYIR1VAmZMXYJvRQ==",
      "peer": true,
      "dependencies": {
        "tslib": "^1.9.0"
      },
      "engines": {
        "npm": ">=2.0.0"
      }
    },
    "node_modules/tslib": {
      "version": "1.13.0",
      "resolved": "https://registry.npmjs.org/tslib/-/tslib-1.13.0.tgz",
      "integrity": "sha512-i/6DQjL8Xf3be4K/E6Wgpekn5Qasl1usyw++dAA35Ue5orEn65VIxOA+YvNNl9HV3qv70T7CNwjODHZrLwvd1Q=="
    },
    "node_modules/zone.js": {
      "version": "0.10.3",
      "resolved": "https://registry.npmjs.org/zone.js/-/zone.js-0.10.3.tgz",
      "integrity": "sha512-LXVLVEq0NNOqK/fLJo3d0kfzd4sxwn2/h67/02pjCjfKDxgx1i9QqpvtHD8CrBnSSwMw5+dy11O7FRX5mkO7Cg==",
      "peer": true
    }
  },
  "dependencies": {
    "@angular/animations": {
      "version": "12.2.1",
      "resolved": "https://registry.npmjs.org/@angular/animations/-/animations-12.2.1.tgz",
      "integrity": "sha512-SDsBBQG2AifuVyo+LUiqFLqzQ8ourO60NhkYGugC934lRqox2ZXmAooDBGMh74K7yrzIxMpbrMbL+qGv4OGpjw==",
      "peer": true,
      "requires": {
        "tslib": "^2.2.0"
      },
      "dependencies": {
        "tslib": {
          "version": "2.3.1",
          "resolved": "https://registry.npmjs.org/tslib/-/tslib-2.3.1.tgz",
          "integrity": "sha512-77EbyPPpMz+FRFRuAFlWMtmgUWGe9UOG2Z25NqCwiIjRhOf5iKGuzSe5P2w1laq+FkRy4p+PCuVkJSGkzTEKVw==",
          "peer": true
        }
      }
    },
    "@angular/cdk": {
      "version": "10.1.1",
      "resolved": "https://registry.npmjs.org/@angular/cdk/-/cdk-10.1.1.tgz",
      "integrity": "sha512-Gt9TmqSVxPTmuNkApEuvva25U60WW152r9+vL7ViFgG+297RE7tzUU8ffBwMXZMdtXnrhLKqLv6ZaBhihMM2Kw==",
      "peer": true,
      "requires": {
        "parse5": "^5.0.0",
        "tslib": "^2.0.0"
      },
      "dependencies": {
        "tslib": {
          "version": "2.3.1",
          "resolved": "https://registry.npmjs.org/tslib/-/tslib-2.3.1.tgz",
          "integrity": "sha512-77EbyPPpMz+FRFRuAFlWMtmgUWGe9UOG2Z25NqCwiIjRhOf5iKGuzSe5P2w1laq+FkRy4p+PCuVkJSGkzTEKVw==",
          "peer": true
        }
      }
    },
    "@angular/common": {
      "version": "10.0.10",
      "resolved": "https://registry.npmjs.org/@angular/common/-/common-10.0.10.tgz",
      "integrity": "sha512-p6/pTk0s0Ai5uUkOHHFZwp+TjxRNPldPxTU2LVxg2xuBEQTO53BsfBKn3zi74epdb1kBC0Yjdj6yEL4dITBs7A==",
      "peer": true,
      "requires": {
        "tslib": "^2.0.0"
      },
      "dependencies": {
        "tslib": {
          "version": "2.3.1",
          "resolved": "https://registry.npmjs.org/tslib/-/tslib-2.3.1.tgz",
          "integrity": "sha512-77EbyPPpMz+FRFRuAFlWMtmgUWGe9UOG2Z25NqCwiIjRhOf5iKGuzSe5P2w1laq+FkRy4p+PCuVkJSGkzTEKVw==",
          "peer": true
        }
      }
    },
    "@angular/core": {
      "version": "10.0.10",
      "resolved": "https://registry.npmjs.org/@angular/core/-/core-10.0.10.tgz",
      "integrity": "sha512-PIQhLqjZayVXJoXs4WQu7orkePqFiux19y7bgBrsSAithe+g9BkrSIdX7+tkkX0zggUWKywY92YuMZCJ/S+uiw==",
      "peer": true,
      "requires": {
        "tslib": "^2.0.0"
      },
      "dependencies": {
        "tslib": {
          "version": "2.3.1",
          "resolved": "https://registry.npmjs.org/tslib/-/tslib-2.3.1.tgz",
          "integrity": "sha512-77EbyPPpMz+FRFRuAFlWMtmgUWGe9UOG2Z25NqCwiIjRhOf5iKGuzSe5P2w1laq+FkRy4p+PCuVkJSGkzTEKVw==",
          "peer": true
        }
      }
    },
    "@angular/forms": {
      "version": "12.2.1",
      "resolved": "https://registry.npmjs.org/@angular/forms/-/forms-12.2.1.tgz",
      "integrity": "sha512-frYYb/4KhGJkvQ27k0voRi3ZVPvY6NXBYidPmJf7WBnVY8jgHhfUcjc9wUNaS97TyXB3WG/eY/jLC38tO0atMA==",
      "peer": true,
      "requires": {
        "tslib": "^2.2.0"
      },
      "dependencies": {
        "tslib": {
          "version": "2.3.1",
          "resolved": "https://registry.npmjs.org/tslib/-/tslib-2.3.1.tgz",
          "integrity": "sha512-77EbyPPpMz+FRFRuAFlWMtmgUWGe9UOG2Z25NqCwiIjRhOf5iKGuzSe5P2w1laq+FkRy4p+PCuVkJSGkzTEKVw==",
          "peer": true
        }
      }
    },
    "@angular/material": {
      "version": "11.0.3",
      "resolved": "https://registry.npmjs.org/@angular/material/-/material-11.0.3.tgz",
      "integrity": "sha512-YTHmtKGwjAEFAOOmuivcwnINMPHxvM7iZQpTgZqDKNiqiv53cwry2Ctb54suRNT+D794z59D0/r+YocGkzFv3w==",
      "peer": true,
      "requires": {
        "tslib": "^2.0.0"
      },
      "dependencies": {
        "tslib": {
          "version": "2.3.1",
          "resolved": "https://registry.npmjs.org/tslib/-/tslib-2.3.1.tgz",
          "integrity": "sha512-77EbyPPpMz+FRFRuAFlWMtmgUWGe9UOG2Z25NqCwiIjRhOf5iKGuzSe5P2w1laq+FkRy4p+PCuVkJSGkzTEKVw==",
          "peer": true
        }
      }
    },
    "@angular/platform-browser": {
      "version": "12.2.1",
      "resolved": "https://registry.npmjs.org/@angular/platform-browser/-/platform-browser-12.2.1.tgz",
      "integrity": "sha512-14PSiuKrXe8KP0K5+WtpwdYALKRIFWp1KxIhmqrpjbW322W9d46dC7LAw8Wzof/aHmDJops63u6EDJG7UeiUOg==",
      "peer": true,
      "requires": {
        "tslib": "^2.2.0"
      },
      "dependencies": {
        "tslib": {
          "version": "2.3.1",
          "resolved": "https://registry.npmjs.org/tslib/-/tslib-2.3.1.tgz",
          "integrity": "sha512-77EbyPPpMz+FRFRuAFlWMtmgUWGe9UOG2Z25NqCwiIjRhOf5iKGuzSe5P2w1laq+FkRy4p+PCuVkJSGkzTEKVw==",
          "peer": true
        }
      }
    },
    "date-fns": {
      "version": "2.15.0",
      "resolved": "https://registry.npmjs.org/date-fns/-/date-fns-2.15.0.tgz",
      "integrity": "sha512-ZCPzAMJZn3rNUvvQIMlXhDr4A+Ar07eLeGsGREoWU19a3Pqf5oYa+ccd+B3F6XVtQY6HANMFdOQ8A+ipFnvJdQ=="
    },
    "parse5": {
      "version": "5.1.1",
      "resolved": "https://registry.npmjs.org/parse5/-/parse5-5.1.1.tgz",
      "integrity": "sha512-ugq4DFI0Ptb+WWjAdOK16+u/nHfiIrcE+sh8kZMaM0WllQKLI9rOUq6c2b7cwPkXdzfQESqvoqK6ug7U/Yyzug==",
      "optional": true,
      "peer": true
    },
    "rxjs": {
      "version": "6.6.7",
      "resolved": "https://registry.npmjs.org/rxjs/-/rxjs-6.6.7.tgz",
      "integrity": "sha512-hTdwr+7yYNIT5n4AMYp85KA6yw2Va0FLa3Rguvbpa4W3I5xynaBZo41cM3XM+4Q6fRMj3sBYIR1VAmZMXYJvRQ==",
      "peer": true,
      "requires": {
        "tslib": "^1.9.0"
      }
    },
    "tslib": {
      "version": "1.13.0",
      "resolved": "https://registry.npmjs.org/tslib/-/tslib-1.13.0.tgz",
      "integrity": "sha512-i/6DQjL8Xf3be4K/E6Wgpekn5Qasl1usyw++dAA35Ue5orEn65VIxOA+YvNNl9HV3qv70T7CNwjODHZrLwvd1Q=="
    },
    "zone.js": {
      "version": "0.10.3",
      "resolved": "https://registry.npmjs.org/zone.js/-/zone.js-0.10.3.tgz",
      "integrity": "sha512-LXVLVEq0NNOqK/fLJo3d0kfzd4sxwn2/h67/02pjCjfKDxgx1i9QqpvtHD8CrBnSSwMw5+dy11O7FRX5mkO7Cg==",
      "peer": true
    }
  }
}
